
Microsoft Visual Studio Solution File, Format Version 12.00
# Visual Studio 15
VisualStudioVersion = 15.0.27004.2010
MinimumVisualStudioVersion = 10.0.40219.1
Project("{FAE04EC0-301F-11D3-BF4B-00C04F79EFBC}") = "DMApp", "DMApp\DMApp.csproj", "{19AE5C20-F6B4-460E-B452-90AEEBD5F911}"
EndProject
Global
	GlobalSection(SolutionConfigurationPlatforms) = preSolution
		Debug|Any CPU = Debug|Any CPU
		Release|Any CPU = Release|Any CPU
	EndGlobalSection
	GlobalSection(ProjectConfigurationPlatforms) = postSolution
		{19AE5C20-F6B4-460E-B452-90AEEBD5F911}.Debug|Any CPU.ActiveCfg = Debug|Any CPU
		{19AE5C20-F6B4-460E-B452-90AEEBD5F911}.Debug|Any CPU.Build.0 = Debug|Any CPU
		{19AE5C20-F6B4-460E-B452-90AEEBD5F911}.Release|Any CPU.ActiveCfg = Release|Any CPU
		{19AE5C20-F6B4-460E-B452-90AEEBD5F911}.Release|Any CPU.Build.0 = Release|Any CPU
	EndGlobalSection
	GlobalSection(SolutionProperties) = preSolution
		HideSolutionNode = FALSE
	EndGlobalSection
	GlobalSection(ExtensibilityGlobals) = postSolution
		SolutionGuid = {5505C4A7-48ED-4A6B-AB92-8F982347A9BC}
	EndGlobalSection
EndGlobal
